
Microsoft Visual Studio Solution File, Format Version 12.00
# Visual Studio Version 17
VisualStudioVersion = 17.14.36603.0 d17.14
MinimumVisualStudioVersion = 10.0.40219.1
Project("{FAE04EC0-301F-11D3-BF4B-00C04F79EFBC}") = "Bai01", "Bai01\Bai01.csproj", "{71B3E877-1350-44BF-BA12-2CD7BD0222EC}"
EndProject
Global
	GlobalSection(SolutionConfigurationPlatforms) = preSolution
		Debug|Any CPU = Debug|Any CPU
		Release|Any CPU = Release|Any CPU
	EndGlobalSection
	GlobalSection(ProjectConfigurationPlatforms) = postSolution
		{71B3E877-1350-44BF-BA12-2CD7BD0222EC}.Debug|Any CPU.ActiveCfg = Debug|Any CPU
		{71B3E877-1350-44BF-BA12-2CD7BD0222EC}.Debug|Any CPU.Build.0 = Debug|Any CPU
		{71B3E877-1350-44BF-BA12-2CD7BD0222EC}.Release|Any CPU.ActiveCfg = Release|Any CPU
		{71B3E877-1350-44BF-BA12-2CD7BD0222EC}.Release|Any CPU.Build.0 = Release|Any CPU
	EndGlobalSection
	GlobalSection(SolutionProperties) = preSolution
		HideSolutionNode = FALSE
	EndGlobalSection
	GlobalSection(ExtensibilityGlobals) = postSolution
		SolutionGuid = {092BBB90-B9AE-4B75-A69A-7E4E3A859092}
	EndGlobalSection
EndGlobal
